// !$*UTF8*$!
{
	archiveVersion = 1;
	classes = {
	};
	objectVersion = 46;
	objects = {

/* Begin PBXBuildFile section */
		5342D8F71E23B25A00B7DD90 /* main.m in Sources */ = {isa = PBXBuildFile; fileRef = 5342D8F61E23B25A00B7DD90 /* main.m */; };
		5342D8FA1E23B25A00B7DD90 /* AppDelegate.m in Sources */ = {isa = PBXBuildFile; fileRef = 5342D8F91E23B25A00B7DD90 /* AppDelegate.m */; };
		5342D8FD1E23B25A00B7DD90 /* ViewController.m in Sources */ = {isa = PBXBuildFile; fileRef = 5342D8FC1E23B25A00B7DD90 /* ViewController.m */; };
		5342D9001E23B25A00B7DD90 /* Main.storyboard in Resources */ = {isa = PBXBuildFile; fileRef = 5342D8FE1E23B25A00B7DD90 /* Main.storyboard */; };
		5342D9021E23B25A00B7DD90 /* Assets.xcassets in Resources */ = {isa = PBXBuildFile; fileRef = 5342D9011E23B25A00B7DD90 /* Assets.xcassets */; };
		5342D9051E23B25A00B7DD90 /* LaunchScreen.storyboard in Resources */ = {isa = PBXBuildFile; fileRef = 5342D9031E23B25A00B7DD90 /* LaunchScreen.storyboard */; };
		5342D9151E23BB8E00B7DD90 /* libcrypto.a in Frameworks */ = {isa = PBXBuildFile; fileRef = 5342D90E1E23BB8E00B7DD90 /* libcrypto.a */; };
		5342D9161E23BB8E00B7DD90 /* libssl.a in Frameworks */ = {isa = PBXBuildFile; fileRef = 5342D90F1E23BB8E00B7DD90 /* libssl.a */; };
		5342D9171E23BB8E00B7DD90 /* BaiduMapAPI_Base.framework in Frameworks */ = {isa = PBXBuildFile; fileRef = 5342D9101E23BB8E00B7DD90 /* BaiduMapAPI_Base.framework */; };
		5342D9181E23BB8E00B7DD90 /* BaiduMapAPI_Cloud.framework in Frameworks */ = {isa = PBXBuildFile; fileRef = 5342D9111E23BB8E00B7DD90 /* BaiduMapAPI_Cloud.framework */; };
		5342D9191E23BB8E00B7DD90 /* BaiduMapAPI_Location.framework in Frameworks */ = {isa = PBXBuildFile; fileRef = 5342D9121E23BB8E00B7DD90 /* BaiduMapAPI_Location.framework */; };
		5342D91A1E23BB8E00B7DD90 /* BaiduMapAPI_Map.framework in Frameworks */ = {isa = PBXBuildFile; fileRef = 5342D9131E23BB8E00B7DD90 /* BaiduMapAPI_Map.framework */; };
		5342D91B1E23BB8E00B7DD90 /* BaiduMapAPI_Search.framework in Frameworks */ = {isa = PBXBuildFile; fileRef = 5342D9141E23BB8E00B7DD90 /* BaiduMapAPI_Search.framework */; };
		5342D91E1E23BBD500B7DD90 /* CoreLocation.framework in Frameworks */ = {isa = PBXBuildFile; fileRef = 5342D91D1E23BBD500B7DD90 /* CoreLocation.framework */; };
		5342D9201E23BBDF00B7DD90 /* QuartzCore.framework in Frameworks */ = {isa = PBXBuildFile; fileRef = 5342D91F1E23BBDF00B7DD90 /* QuartzCore.framework */; };
		5342D9221E23BBE700B7DD90 /* OpenGLES.framework in Frameworks */ = {isa = PBXBuildFile; fileRef = 5342D9211E23BBE700B7DD90 /* OpenGLES.framework */; };
		5342D9241E23BBF000B7DD90 /* SystemConfiguration.framework in Frameworks */ = {isa = PBXBuildFile; fileRef = 5342D9231E23BBF000B7DD90 /* SystemConfiguration.framework */; };
		5342D9261E23BBF900B7DD90 /* CoreGraphics.framework in Frameworks */ = {isa = PBXBuildFile; fileRef = 5342D9251E23BBF900B7DD90 /* CoreGraphics.framework */; };
		5342D9281E23BC0100B7DD90 /* Security.framework in Frameworks */ = {isa = PBXBuildFile; fileRef = 5342D9271E23BC0100B7DD90 /* Security.framework */; };
		5342D92A1E23BC0E00B7DD90 /* libsqlite3.0.tbd in Frameworks */ = {isa = PBXBuildFile; fileRef = 5342D9291E23BC0E00B7DD90 /* libsqlite3.0.tbd */; };
		5342D92C1E23BC1900B7DD90 /* CoreTelephony.framework in Frameworks */ = {isa = PBXBuildFile; fileRef = 5342D92B1E23BC1900B7DD90 /* CoreTelephony.framework */; };
		5342D92E1E23BC2300B7DD90 /* libstdc++.6.0.9.tbd in Frameworks */ = {isa = PBXBuildFile; fileRef = 5342D92D1E23BC2300B7DD90 /* libstdc++.6.0.9.tbd */; };
		5342D9311E23BD0000B7DD90 /* mapapi.bundle in Resources */ = {isa = PBXBuildFile; fileRef = 5342D9301E23BD0000B7DD90 /* mapapi.bundle */; };
/* End PBXBuildFile section */

/* Begin PBXFileReference section */
		5342D8F21E23B25A00B7DD90 /* MobileLocationAcquisition.app */ = {isa = PBXFileReference; explicitFileType = wrapper.application; includeInIndex = 0; path = MobileLocationAcquisition.app; sourceTree = BUILT_PRODUCTS_DIR; };
		5342D8F61E23B25A00B7DD90 /* main.m */ = {isa = PBXFileReference; lastKnownFileType = sourcecode.c.objc; path = main.m; sourceTree = "<group>"; };
		5342D8F81E23B25A00B7DD90 /* AppDelegate.h */ = {isa = PBXFileReference; lastKnownFileType = sourcecode.c.h; path = AppDelegate.h; sourceTree = "<group>"; };
		5342D8F91E23B25A00B7DD90 /* AppDelegate.m */ = {isa = PBXFileReference; lastKnownFileType = sourcecode.c.objc; path = AppDelegate.m; sourceTree = "<group>"; };
		5342D8FB1E23B25A00B7DD90 /* ViewController.h */ = {isa = PBXFileReference; lastKnownFileType = sourcecode.c.h; path = ViewController.h; sourceTree = "<group>"; };
		5342D8FC1E23B25A00B7DD90 /* ViewController.m */ = {isa = PBXFileReference; lastKnownFileType = sourcecode.c.objc; path = ViewController.m; sourceTree = "<group>"; };
		5342D8FF1E23B25A00B7DD90 /* Base */ = {isa = PBXFileReference; lastKnownFileType = file.storyboard; name = Base; path = Base.lproj/Main.storyboard; sourceTree = "<group>"; };
		5342D9011E23B25A00B7DD90 /* Assets.xcassets */ = {isa = PBXFileReference; lastKnownFileType = folder.assetcatalog; path = Assets.xcassets; sourceTree = "<group>"; };
		5342D9041E23B25A00B7DD90 /* Base */ = {isa = PBXFileReference; lastKnownFileType = file.storyboard; name = Base; path = Base.lproj/LaunchScreen.storyboard; sourceTree = "<group>"; };
		5342D9061E23B25A00B7DD90 /* Info.plist */ = {isa = PBXFileReference; lastKnownFileType = text.plist.xml; path = Info.plist; sourceTree = "<group>"; };
		5342D90E1E23BB8E00B7DD90 /* libcrypto.a */ = {isa = PBXFileReference; lastKnownFileType = archive.ar; path = libcrypto.a; sourceTree = "<group>"; };
		5342D90F1E23BB8E00B7DD90 /* libssl.a */ = {isa = PBXFileReference; lastKnownFileType = archive.ar; path = libssl.a; sourceTree = "<group>"; };
		5342D9101E23BB8E00B7DD90 /* BaiduMapAPI_Base.framework */ = {isa = PBXFileReference; lastKnownFileType = wrapper.framework; path = BaiduMapAPI_Base.framework; sourceTree = "<group>"; };
		5342D9111E23BB8E00B7DD90 /* BaiduMapAPI_Cloud.framework */ = {isa = PBXFileReference; lastKnownFileType = wrapper.framework; path = BaiduMapAPI_Cloud.framework; sourceTree = "<group>"; };
		5342D9121E23BB8E00B7DD90 /* BaiduMapAPI_Location.framework */ = {isa = PBXFileReference; lastKnownFileType = wrapper.framework; path = BaiduMapAPI_Location.framework; sourceTree = "<group>"; };
		5342D9131E23BB8E00B7DD90 /* BaiduMapAPI_Map.framework */ = {isa = PBXFileReference; lastKnownFileType = wrapper.framework; path = BaiduMapAPI_Map.framework; sourceTree = "<group>"; };
		5342D9141E23BB8E00B7DD90 /* BaiduMapAPI_Search.framework */ = {isa = PBXFileReference; lastKnownFileType = wrapper.framework; path = BaiduMapAPI_Search.framework; sourceTree = "<group>"; };
		5342D91D1E23BBD500B7DD90 /* CoreLocation.framework */ = {isa = PBXFileReference; lastKnownFileType = wrapper.framework; name = CoreLocation.framework; path = System/Library/Frameworks/CoreLocation.framework; sourceTree = SDKROOT; };
		5342D91F1E23BBDF00B7DD90 /* QuartzCore.framework */ = {isa = PBXFileReference; lastKnownFileType = wrapper.framework; name = QuartzCore.framework; path = System/Library/Frameworks/QuartzCore.framework; sourceTree = SDKROOT; };
		5342D9211E23BBE700B7DD90 /* OpenGLES.framework */ = {isa = PBXFileReference; lastKnownFileType = wrapper.framework; name = OpenGLES.framework; path = System/Library/Frameworks/OpenGLES.framework; sourceTree = SDKROOT; };
		5342D9231E23BBF000B7DD90 /* SystemConfiguration.framework */ = {isa = PBXFileReference; lastKnownFileType = wrapper.framework; name = SystemConfiguration.framework; path = System/Library/Frameworks/SystemConfiguration.framework; sourceTree = SDKROOT; };
		5342D9251E23BBF900B7DD90 /* CoreGraphics.framework */ = {isa = PBXFileReference; lastKnownFileType = wrapper.framework; name = CoreGraphics.framework; path = System/Library/Frameworks/CoreGraphics.framework; sourceTree = SDKROOT; };
		5342D9271E23BC0100B7DD90 /* Security.framework */ = {isa = PBXFileReference; lastKnownFileType = wrapper.framework; name = Security.framework; path = System/Library/Frameworks/Security.framework; sourceTree = SDKROOT; };
		5342D9291E23BC0E00B7DD90 /* libsqlite3.0.tbd */ = {isa = PBXFileReference; lastKnownFileType = "sourcecode.text-based-dylib-definition"; name = libsqlite3.0.tbd; path = usr/lib/libsqlite3.0.tbd; sourceTree = SDKROOT; };
		5342D92B1E23BC1900B7DD90 /* CoreTelephony.framework */ = {isa = PBXFileReference; lastKnownFileType = wrapper.framework; name = CoreTelephony.framework; path = System/Library/Frameworks/CoreTelephony.framework; sourceTree = SDKROOT; };
		5342D92D1E23BC2300B7DD90 /* libstdc++.6.0.9.tbd */ = {isa = PBXFileReference; lastKnownFileType = "sourcecode.text-based-dylib-definition"; name = "libstdc++.6.0.9.tbd"; path = "usr/lib/libstdc++.6.0.9.tbd"; sourceTree = SDKROOT; };
		5342D9301E23BD0000B7DD90 /* mapapi.bundle */ = {isa = PBXFileReference; lastKnownFileType = "wrapper.plug-in"; path = mapapi.bundle; sourceTree = "<group>"; };
/* End PBXFileReference section */

/* Begin PBXFrameworksBuildPhase section */
		5342D8EF1E23B25A00B7DD90 /* Frameworks */ = {
			isa = PBXFrameworksBuildPhase;
			buildActionMask = 2147483647;
			files = (
				5342D92E1E23BC2300B7DD90 /* libstdc++.6.0.9.tbd in Frameworks */,
				5342D92C1E23BC1900B7DD90 /* CoreTelephony.framework in Frameworks */,
				5342D92A1E23BC0E00B7DD90 /* libsqlite3.0.tbd in Frameworks */,
				5342D9281E23BC0100B7DD90 /* Security.framework in Frameworks */,
				5342D9261E23BBF900B7DD90 /* CoreGraphics.framework in Frameworks */,
				5342D9241E23BBF000B7DD90 /* SystemConfiguration.framework in Frameworks */,
				5342D9221E23BBE700B7DD90 /* OpenGLES.framework in Frameworks */,
				5342D9201E23BBDF00B7DD90 /* QuartzCore.framework in Frameworks */,
				5342D91E1E23BBD500B7DD90 /* CoreLocation.framework in Frameworks */,
				5342D9171E23BB8E00B7DD90 /* BaiduMapAPI_Base.framework in Frameworks */,
				5342D9161E23BB8E00B7DD90 /* libssl.a in Frameworks */,
				5342D9181E23BB8E00B7DD90 /* BaiduMapAPI_Cloud.framework in Frameworks */,
				5342D9191E23BB8E00B7DD90 /* BaiduMapAPI_Location.framework in Frameworks */,
				5342D9151E23BB8E00B7DD90 /* libcrypto.a in Frameworks */,
				5342D91A1E23BB8E00B7DD90 /* BaiduMapAPI_Map.framework in Frameworks */,
				5342D91B1E23BB8E00B7DD90 /* BaiduMapAPI_Search.framework in Frameworks */,
			);
			runOnlyForDeploymentPostprocessing = 0;
		};
/* End PBXFrameworksBuildPhase section */

/* Begin PBXGroup section */
		5342D8E91E23B25A00B7DD90 = {
			isa = PBXGroup;
			children = (
				5342D92F1E23BD0000B7DD90 /* Resources */,
				5342D8F41E23B25A00B7DD90 /* MobileLocationAcquisition */,
				5342D8F31E23B25A00B7DD90 /* Products */,
				5342D91C1E23BBD400B7DD90 /* Frameworks */,
			);
			sourceTree = "<group>";
		};
		5342D8F31E23B25A00B7DD90 /* Products */ = {
			isa = PBXGroup;
			children = (
				5342D8F21E23B25A00B7DD90 /* MobileLocationAcquisition.app */,
			);
			name = Products;
			sourceTree = "<group>";
		};
		5342D8F41E23B25A00B7DD90 /* MobileLocationAcquisition */ = {
			isa = PBXGroup;
			children = (
				5342D90C1E23BB6B00B7DD90 /* Vender */,
				5342D8F81E23B25A00B7DD90 /* AppDelegate.h */,
				5342D8F91E23B25A00B7DD90 /* AppDelegate.m */,
				5342D8FB1E23B25A00B7DD90 /* ViewController.h */,
				5342D8FC1E23B25A00B7DD90 /* ViewController.m */,
				5342D8FE1E23B25A00B7DD90 /* Main.storyboard */,
				5342D9011E23B25A00B7DD90 /* Assets.xcassets */,
				5342D9031E23B25A00B7DD90 /* LaunchScreen.storyboard */,
				5342D9061E23B25A00B7DD90 /* Info.plist */,
				5342D8F51E23B25A00B7DD90 /* Supporting Files */,
			);
			path = MobileLocationAcquisition;
			sourceTree = "<group>";
		};
		5342D8F51E23B25A00B7DD90 /* Supporting Files */ = {
			isa = PBXGroup;
			children = (
				5342D8F61E23B25A00B7DD90 /* main.m */,
			);
			name = "Supporting Files";
			sourceTree = "<group>";
		};
		5342D90C1E23BB6B00B7DD90 /* Vender */ = {
			isa = PBXGroup;
			children = (
				5342D90D1E23BB8E00B7DD90 /* thirdlibs */,
				5342D9101E23BB8E00B7DD90 /* BaiduMapAPI_Base.framework */,
				5342D9111E23BB8E00B7DD90 /* BaiduMapAPI_Cloud.framework */,
				5342D9121E23BB8E00B7DD90 /* BaiduMapAPI_Location.framework */,
				5342D9131E23BB8E00B7DD90 /* BaiduMapAPI_Map.framework */,
				5342D9141E23BB8E00B7DD90 /* BaiduMapAPI_Search.framework */,
			);
			path = Vender;
			sourceTree = "<group>";
		};
		5342D90D1E23BB8E00B7DD90 /* thirdlibs */ = {
			isa = PBXGroup;
			children = (
				5342D90E1E23BB8E00B7DD90 /* libcrypto.a */,
				5342D90F1E23BB8E00B7DD90 /* libssl.a */,
			);
			path = thirdlibs;
			sourceTree = "<group>";
		};
		5342D91C1E23BBD400B7DD90 /* Frameworks */ = {
			isa = PBXGroup;
			children = (
				5342D92D1E23BC2300B7DD90 /* libstdc++.6.0.9.tbd */,
				5342D92B1E23BC1900B7DD90 /* CoreTelephony.framework */,
				5342D9291E23BC0E00B7DD90 /* libsqlite3.0.tbd */,
				5342D9271E23BC0100B7DD90 /* Security.framework */,
				5342D9251E23BBF900B7DD90 /* CoreGraphics.framework */,
				5342D9231E23BBF000B7DD90 /* SystemConfiguration.framework */,
				5342D9211E23BBE700B7DD90 /* OpenGLES.framework */,
				5342D91F1E23BBDF00B7DD90 /* QuartzCore.framework */,
				5342D91D1E23BBD500B7DD90 /* CoreLocation.framework */,
			);
			name = Frameworks;
			sourceTree = "<group>";
		};
		5342D92F1E23BD0000B7DD90 /* Resources */ = {
			isa = PBXGroup;
			children = (
				5342D9301E23BD0000B7DD90 /* mapapi.bundle */,
			);
			path = Resources;
			sourceTree = "<group>";
		};
/* End PBXGroup section */

/* Begin PBXNativeTarget section */
		5342D8F11E23B25A00B7DD90 /* MobileLocationAcquisition */ = {
			isa = PBXNativeTarget;
			buildConfigurationList = 5342D9091E23B25A00B7DD90 /* Build configuration list for PBXNativeTarget "MobileLocationAcquisition" */;
			buildPhases = (
				5342D8EE1E23B25A00B7DD90 /* Sources */,
				5342D8EF1E23B25A00B7DD90 /* Frameworks */,
				5342D8F01E23B25A00B7DD90 /* Resources */,
			);
			buildRules = (
			);
			dependencies = (
			);
			name = MobileLocationAcquisition;
			productName = MobileLocationAcquisition;
			productReference = 5342D8F21E23B25A00B7DD90 /* MobileLocationAcquisition.app */;
			productType = "com.apple.product-type.application";
		};
/* End PBXNativeTarget section */

/* Begin PBXProject section */
		5342D8EA1E23B25A00B7DD90 /* Project object */ = {
			isa = PBXProject;
			attributes = {
				LastUpgradeCheck = 0800;
				ORGANIZATIONNAME = iGhibli;
				TargetAttributes = {
					5342D8F11E23B25A00B7DD90 = {
						CreatedOnToolsVersion = 8.0;
						DevelopmentTeam = LSRRXAH5MP;
						ProvisioningStyle = Automatic;
					};
				};
			};
			buildConfigurationList = 5342D8ED1E23B25A00B7DD90 /* Build configuration list for PBXProject "MobileLocationAcquisition" */;
			compatibilityVersion = "Xcode 3.2";
			developmentRegion = English;
			hasScannedForEncodings = 0;
			knownRegions = (
				en,
				Base,
			);
			mainGroup = 5342D8E91E23B25A00B7DD90;
			productRefGroup = 5342D8F31E23B25A00B7DD90 /* Products */;
			projectDirPath = "";
			projectRoot = "";
			targets = (
				5342D8F11E23B25A00B7DD90 /* MobileLocationAcquisition */,
			);
		};
/* End PBXProject section */

/* Begin PBXResourcesBuildPhase section */
		5342D8F01E23B25A00B7DD90 /* Resources */ = {
			isa = PBXResourcesBuildPhase;
			buildActionMask = 2147483647;
			files = (
				5342D9051E23B25A00B7DD90 /* LaunchScreen.storyboard in Resources */,
				5342D9311E23BD0000B7DD90 /* mapapi.bundle in Resources */,
				5342D9021E23B25A00B7DD90 /* Assets.xcassets in Resources */,
				5342D9001E23B25A00B7DD90 /* Main.storyboard in Resources */,
			);
			runOnlyForDeploymentPostprocessing = 0;
		};
/* End PBXResourcesBuildPhase section */

/* Begin PBXSourcesBuildPhase section */
		5342D8EE1E23B25A00B7DD90 /* Sources */ = {
			isa = PBXSourcesBuildPhase;
			buildActionMask = 2147483647;
			files = (
				5342D8FD1E23B25A00B7DD90 /* ViewController.m in Sources */,
				5342D8FA1E23B25A00B7DD90 /* AppDelegate.m in Sources */,
				5342D8F71E23B25A00B7DD90 /* main.m in Sources */,
			);
			runOnlyForDeploymentPostprocessing = 0;
		};
/* End PBXSourcesBuildPhase section */

/* Begin PBXVariantGroup section */
		5342D8FE1E23B25A00B7DD90 /* Main.storyboard */ = {
			isa = PBXVariantGroup;
			children = (
				5342D8FF1E23B25A00B7DD90 /* Base */,
			);
			name = Main.storyboard;
			sourceTree = "<group>";
		};
		5342D9031E23B25A00B7DD90 /* LaunchScreen.storyboard */ = {
			isa = PBXVariantGroup;
			children = (
				5342D9041E23B25A00B7DD90 /* Base */,
			);
			name = LaunchScreen.storyboard;
			sourceTree = "<group>";
		};
/* End PBXVariantGroup section */

/* Begin XCBuildConfiguration section */
		5342D9071E23B25A00B7DD90 /* Debug */ = {
			isa = XCBuildConfiguration;
			buildSettings = {
				ALWAYS_SEARCH_USER_PATHS = NO;
				CLANG_ANALYZER_NONNULL = YES;
				CLANG_CXX_LANGUAGE_STANDARD = "gnu++0x";
				CLANG_CXX_LIBRARY = "libc++";
				CLANG_ENABLE_MODULES = YES;
				CLANG_ENABLE_OBJC_ARC = YES;
				CLANG_WARN_BOOL_CONVERSION = YES;
				CLANG_WARN_CONSTANT_CONVERSION = YES;
				CLANG_WARN_DIRECT_OBJC_ISA_USAGE = YES_ERROR;
				CLANG_WARN_DOCUMENTATION_COMMENTS = YES;
				CLANG_WARN_EMPTY_BODY = YES;
				CLANG_WARN_ENUM_CONVERSION = YES;
				CLANG_WARN_INFINITE_RECURSION = YES;
				CLANG_WARN_INT_CONVERSION = YES;
				CLANG_WARN_OBJC_ROOT_CLASS = YES_ERROR;
				CLANG_WARN_SUSPICIOUS_MOVES = YES;
				CLANG_WARN_UNREACHABLE_CODE = YES;
				CLANG_WARN__DUPLICATE_METHOD_MATCH = YES;
				"CODE_SIGN_IDENTITY[sdk=iphoneos*]" = "iPhone Developer";
				COPY_PHASE_STRIP = NO;
				DEBUG_INFORMATION_FORMAT = dwarf;
				ENABLE_STRICT_OBJC_MSGSEND = YES;
				ENABLE_TESTABILITY = YES;
				GCC_C_LANGUAGE_STANDARD = gnu99;
				GCC_DYNAMIC_NO_PIC = NO;
				GCC_NO_COMMON_BLOCKS = YES;
				GCC_OPTIMIZATION_LEVEL = 0;
				GCC_PREPROCESSOR_DEFINITIONS = (
					"DEBUG=1",
					"$(inherited)",
				);
				GCC_WARN_64_TO_32_BIT_CONVERSION = YES;
				GCC_WARN_ABOUT_RETURN_TYPE = YES_ERROR;
				GCC_WARN_UNDECLARED_SELECTOR = YES;
				GCC_WARN_UNINITIALIZED_AUTOS = YES_AGGRESSIVE;
				GCC_WARN_UNUSED_FUNCTION = YES;
				GCC_WARN_UNUSED_VARIABLE = YES;
				IPHONEOS_DEPLOYMENT_TARGET = 10.0;
				MTL_ENABLE_DEBUG_INFO = YES;
				ONLY_ACTIVE_ARCH = YES;
				SDKROOT = iphoneos;
			};
			name = Debug;
		};
		5342D9081E23B25A00B7DD90 /* Release */ = {
			isa = XCBuildConfiguration;
			buildSettings = {
				ALWAYS_SEARCH_USER_PATHS = NO;
				CLANG_ANALYZER_NONNULL = YES;
				CLANG_CXX_LANGUAGE_STANDARD = "gnu++0x";
				CLANG_CXX_LIBRARY = "libc++";
				CLANG_ENABLE_MODULES = YES;
				CLANG_ENABLE_OBJC_ARC = YES;
				CLANG_WARN_BOOL_CONVERSION = YES;
				CLANG_WARN_CONSTANT_CONVERSION = YES;
				CLANG_WARN_DIRECT_OBJC_ISA_USAGE = YES_ERROR;
				CLANG_WARN_DOCUMENTATION_COMMENTS = YES;
				CLANG_WARN_EMPTY_BODY = YES;
				CLANG_WARN_ENUM_CONVERSION = YES;
				CLANG_WARN_INFINITE_RECURSION = YES;
				CLANG_WARN_INT_CONVERSION = YES;
				CLANG_WARN_OBJC_ROOT_CLASS = YES_ERROR;
				CLANG_WARN_SUSPICIOUS_MOVES = YES;
				CLANG_WARN_UNREACHABLE_CODE = YES;
				CLANG_WARN__DUPLICATE_METHOD_MATCH = YES;
				"CODE_SIGN_IDENTITY[sdk=iphoneos*]" = "iPhone Developer";
				COPY_PHASE_STRIP = NO;
				DEBUG_INFORMATION_FORMAT = "dwarf-with-dsym";
				ENABLE_NS_ASSERTIONS = NO;
				ENABLE_STRICT_OBJC_MSGSEND = YES;
				GCC_C_LANGUAGE_STANDARD = gnu99;
				GCC_NO_COMMON_BLOCKS = YES;
				GCC_WARN_64_TO_32_BIT_CONVERSION = YES;
				GCC_WARN_ABOUT_RETURN_TYPE = YES_ERROR;
				GCC_WARN_UNDECLARED_SELECTOR = YES;
				GCC_WARN_UNINITIALIZED_AUTOS = YES_AGGRESSIVE;
				GCC_WARN_UNUSED_FUNCTION = YES;
				GCC_WARN_UNUSED_VARIABLE = YES;
				IPHONEOS_DEPLOYMENT_TARGET = 10.0;
				MTL_ENABLE_DEBUG_INFO = NO;
				SDKROOT = iphoneos;
				VALIDATE_PRODUCT = YES;
			};
			name = Release;
		};
		5342D90A1E23B25A00B7DD90 /* Debug */ = {
			isa = XCBuildConfiguration;
			buildSettings = {
				ASSETCATALOG_COMPILER_APPICON_NAME = AppIcon;
				DEVELOPMENT_TEAM = LSRRXAH5MP;
				FRAMEWORK_SEARCH_PATHS = (
					"$(inherited)",
					"$(PROJECT_DIR)/MobileLocationAcquisition/Vender",
				);
				GCC_INPUT_FILETYPE = sourcecode.c.objc;
				INFOPLIST_FILE = MobileLocationAcquisition/Info.plist;
				IPHONEOS_DEPLOYMENT_TARGET = 8.0;
				LD_RUNPATH_SEARCH_PATHS = "$(inherited) @executable_path/Frameworks";
				LIBRARY_SEARCH_PATHS = (
					"$(inherited)",
					"$(PROJECT_DIR)/MobileLocationAcquisition/Vender/thirdlibs",
				);
				OTHER_LDFLAGS = "-ObjC";
				PRODUCT_BUNDLE_IDENTIFIER = com.iGhibli.MobileLocationAcquisition;
				PRODUCT_NAME = "$(TARGET_NAME)";
			};
			name = Debug;
		};
		5342D90B1E23B25A00B7DD90 /* Release */ = {
			isa = XCBuildConfiguration;
			buildSettings = {
				ASSETCATALOG_COMPILER_APPICON_NAME = AppIcon;
				DEVELOPMENT_TEAM = LSRRXAH5MP;
				FRAMEWORK_SEARCH_PATHS = (
					"$(inherited)",
					"$(PROJECT_DIR)/MobileLocationAcquisition/Vender",
				);
				GCC_INPUT_FILETYPE = sourcecode.c.objc;
				INFOPLIST_FILE = MobileLocationAcquisition/Info.plist;
				IPHONEOS_DEPLOYMENT_TARGET = 8.0;
				LD_RUNPATH_SEARCH_PATHS = "$(inherited) @executable_path/Frameworks";
				LIBRARY_SEARCH_PATHS = (
					"$(inherited)",
					"$(PROJECT_DIR)/MobileLocationAcquisition/Vender/thirdlibs",
				);
				OTHER_LDFLAGS = "-ObjC";
				PRODUCT_BUNDLE_IDENTIFIER = com.iGhibli.MobileLocationAcquisition;
				PRODUCT_NAME = "$(TARGET_NAME)";
			};
			name = Release;
		};
/* End XCBuildConfiguration section */

/* Begin XCConfigurationList section */
		5342D8ED1E23B25A00B7DD90 /* Build configuration list for PBXProject "MobileLocationAcquisition" */ = {
			isa = XCConfigurationList;
			buildConfigurations = (
				5342D9071E23B25A00B7DD90 /* Debug */,
				5342D9081E23B25A00B7DD90 /* Release */,
			);
			defaultConfigurationIsVisible = 0;
			defaultConfigurationName = Release;
		};
		5342D9091E23B25A00B7DD90 /* Build configuration list for PBXNativeTarget "MobileLocationAcquisition" */ = {
			isa = XCConfigurationList;
			buildConfigurations = (
				5342D90A1E23B25A00B7DD90 /* Debug */,
				5342D90B1E23B25A00B7DD90 /* Release */,
			);
			defaultConfigurationIsVisible = 0;
		};
/* End XCConfigurationList section */
	};
	rootObject = 5342D8EA1E23B25A00B7DD90 /* Project object */;
}
